
Microsoft Visual Studio Solution File, Format Version 12.00
# Visual Studio 2012
Project("{FAE04EC0-301F-11D3-BF4B-00C04F79EFBC}") = "lib.Micajah.ErrorTracker.helper.net2", "lib.Micajah.ErrorTracker.helper.net2\lib.Micajah.ErrorTracker.helper.net2.csproj", "{52F26A5A-FF2C-4872-A10A-89B948055B5F}"
EndProject
Project("{E24C65DC-7377-472B-9ABA-BC803B73C61A}") = "web.test.net2", "web.test.net2\", "{22C15360-15AF-48D5-A9BD-60C89514A460}"
	ProjectSection(WebsiteProperties) = preProject
		SccProjectName = "SAK"
		SccAuxPath = "SAK"
		SccLocalPath = "SAK"
		SccProvider = "SAK"
		TargetFrameworkMoniker = ".NETFramework,Version%3Dv4.0"
		ProjectReferences = "{52F26A5A-FF2C-4872-A10A-89B948055B5F}|Micajah.ErrorTrackerHelper2.dll;"
		Debug.AspNetCompiler.VirtualPath = "/web.test.net2"
		Debug.AspNetCompiler.PhysicalPath = "web.test.net2\"
		Debug.AspNetCompiler.TargetPath = "PrecompiledWeb\web.test.net2\"
		Debug.AspNetCompiler.Updateable = "true"
		Debug.AspNetCompiler.ForceOverwrite = "true"
		Debug.AspNetCompiler.FixedNames = "false"
		Debug.AspNetCompiler.Debug = "True"
		Release.AspNetCompiler.VirtualPath = "/web.test.net2"
		Release.AspNetCompiler.PhysicalPath = "web.test.net2\"
		Release.AspNetCompiler.TargetPath = "PrecompiledWeb\web.test.net2\"
		Release.AspNetCompiler.Updateable = "true"
		Release.AspNetCompiler.ForceOverwrite = "true"
		Release.AspNetCompiler.FixedNames = "false"
		Release.AspNetCompiler.Debug = "False"
		VWDPort = "7794"
		DefaultWebSiteLanguage = "Visual C#"
	EndProjectSection
EndProject
Project("{E24C65DC-7377-472B-9ABA-BC803B73C61A}") = "Micajah.ErrorTracker.FrontOffice", "Micajah.ErrorTracker.FrontOffice\", "{2070EBC7-E593-4AF1-AD7F-BBE465E43BD5}"
	ProjectSection(WebsiteProperties) = preProject
		TargetFrameworkMoniker = ".NETFramework,Version%3Dv4.0"
		Debug.AspNetCompiler.VirtualPath = "/Micajah.ErrorTracker.FrontOffice"
		Debug.AspNetCompiler.PhysicalPath = "Micajah.ErrorTracker.FrontOffice\"
		Debug.AspNetCompiler.TargetPath = "PrecompiledWeb\Micajah.ErrorTracker.FrontOffice\"
		Debug.AspNetCompiler.Updateable = "true"
		Debug.AspNetCompiler.ForceOverwrite = "true"
		Debug.AspNetCompiler.FixedNames = "false"
		Debug.AspNetCompiler.Debug = "True"
		Release.AspNetCompiler.VirtualPath = "/Micajah.ErrorTracker.FrontOffice"
		Release.AspNetCompiler.PhysicalPath = "Micajah.ErrorTracker.FrontOffice\"
		Release.AspNetCompiler.TargetPath = "PrecompiledWeb\Micajah.ErrorTracker.FrontOffice\"
		Release.AspNetCompiler.Updateable = "true"
		Release.AspNetCompiler.ForceOverwrite = "true"
		Release.AspNetCompiler.FixedNames = "false"
		Release.AspNetCompiler.Debug = "False"
		VWDPort = "3574"
	EndProjectSection
EndProject
Global
	GlobalSection(SolutionConfigurationPlatforms) = preSolution
		Debug|.NET = Debug|.NET
		Debug|Any CPU = Debug|Any CPU
		Debug|Mixed Platforms = Debug|Mixed Platforms
		Release|.NET = Release|.NET
		Release|Any CPU = Release|Any CPU
		Release|Mixed Platforms = Release|Mixed Platforms
	EndGlobalSection
	GlobalSection(ProjectConfigurationPlatforms) = postSolution
		{52F26A5A-FF2C-4872-A10A-89B948055B5F}.Debug|.NET.ActiveCfg = Debug|Any CPU
		{52F26A5A-FF2C-4872-A10A-89B948055B5F}.Debug|Any CPU.ActiveCfg = Debug|Any CPU
		{52F26A5A-FF2C-4872-A10A-89B948055B5F}.Debug|Any CPU.Build.0 = Debug|Any CPU
		{52F26A5A-FF2C-4872-A10A-89B948055B5F}.Debug|Mixed Platforms.ActiveCfg = Debug|Any CPU
		{52F26A5A-FF2C-4872-A10A-89B948055B5F}.Debug|Mixed Platforms.Build.0 = Debug|Any CPU
		{52F26A5A-FF2C-4872-A10A-89B948055B5F}.Release|.NET.ActiveCfg = Release|Any CPU
		{52F26A5A-FF2C-4872-A10A-89B948055B5F}.Release|Any CPU.ActiveCfg = Release|Any CPU
		{52F26A5A-FF2C-4872-A10A-89B948055B5F}.Release|Any CPU.Build.0 = Release|Any CPU
		{52F26A5A-FF2C-4872-A10A-89B948055B5F}.Release|Mixed Platforms.ActiveCfg = Release|Any CPU
		{52F26A5A-FF2C-4872-A10A-89B948055B5F}.Release|Mixed Platforms.Build.0 = Release|Any CPU
		{22C15360-15AF-48D5-A9BD-60C89514A460}.Debug|.NET.ActiveCfg = Debug|Any CPU
		{22C15360-15AF-48D5-A9BD-60C89514A460}.Debug|Any CPU.ActiveCfg = Debug|Any CPU
		{22C15360-15AF-48D5-A9BD-60C89514A460}.Debug|Any CPU.Build.0 = Debug|Any CPU
		{22C15360-15AF-48D5-A9BD-60C89514A460}.Debug|Mixed Platforms.ActiveCfg = Debug|Any CPU
		{22C15360-15AF-48D5-A9BD-60C89514A460}.Debug|Mixed Platforms.Build.0 = Debug|Any CPU
		{22C15360-15AF-48D5-A9BD-60C89514A460}.Release|.NET.ActiveCfg = Debug|Any CPU
		{22C15360-15AF-48D5-A9BD-60C89514A460}.Release|Any CPU.ActiveCfg = Debug|Any CPU
		{22C15360-15AF-48D5-A9BD-60C89514A460}.Release|Any CPU.Build.0 = Debug|Any CPU
		{22C15360-15AF-48D5-A9BD-60C89514A460}.Release|Mixed Platforms.ActiveCfg = Debug|Any CPU
		{22C15360-15AF-48D5-A9BD-60C89514A460}.Release|Mixed Platforms.Build.0 = Debug|Any CPU
		{2070EBC7-E593-4AF1-AD7F-BBE465E43BD5}.Debug|.NET.ActiveCfg = Debug|Any CPU
		{2070EBC7-E593-4AF1-AD7F-BBE465E43BD5}.Debug|Any CPU.ActiveCfg = Debug|Any CPU
		{2070EBC7-E593-4AF1-AD7F-BBE465E43BD5}.Debug|Any CPU.Build.0 = Debug|Any CPU
		{2070EBC7-E593-4AF1-AD7F-BBE465E43BD5}.Debug|Mixed Platforms.ActiveCfg = Debug|Any CPU
		{2070EBC7-E593-4AF1-AD7F-BBE465E43BD5}.Debug|Mixed Platforms.Build.0 = Debug|Any CPU
		{2070EBC7-E593-4AF1-AD7F-BBE465E43BD5}.Release|.NET.ActiveCfg = Debug|Any CPU
		{2070EBC7-E593-4AF1-AD7F-BBE465E43BD5}.Release|Any CPU.ActiveCfg = Debug|Any CPU
		{2070EBC7-E593-4AF1-AD7F-BBE465E43BD5}.Release|Any CPU.Build.0 = Debug|Any CPU
		{2070EBC7-E593-4AF1-AD7F-BBE465E43BD5}.Release|Mixed Platforms.ActiveCfg = Debug|Any CPU
		{2070EBC7-E593-4AF1-AD7F-BBE465E43BD5}.Release|Mixed Platforms.Build.0 = Debug|Any CPU
	EndGlobalSection
	GlobalSection(SolutionProperties) = preSolution
		HideSolutionNode = FALSE
	EndGlobalSection
EndGlobal
